
Microsoft Visual Studio Solution File, Format Version 12.00
# Visual Studio Version 16
VisualStudioVersion = 16.0.34729.46
MinimumVisualStudioVersion = 10.0.40219.1
Project("{FAE04EC0-301F-11D3-BF4B-00C04F79EFBC}") = "PiCTS.Entities", "PiCTS.Entities\PiCTS.Entities.csproj", "{FCDEA79C-7DCF-462F-B00B-4224CBC59A81}"
EndProject
Project("{FAE04EC0-301F-11D3-BF4B-00C04F79EFBC}") = "PiCTS.Presentation", "PiCTS.Presentation\PiCTS.Presentation.csproj", "{CF3396B2-CE16-4D4F-AF28-1F305C0F6A03}"
EndProject
Project("{FAE04EC0-301F-11D3-BF4B-00C04F79EFBC}") = "PiCTS.Repositories", "PiCTS.Repositories\PiCTS.Repositories.csproj", "{57FAC7B9-D26A-434C-AA62-11EBFE9A7CB8}"
EndProject
Project("{FAE04EC0-301F-11D3-BF4B-00C04F79EFBC}") = "PiCTS.Services", "PiCTS.Services\PiCTS.Services.csproj", "{7904B9DE-FE5B-4FCE-9C68-584BAA8B805E}"
EndProject
Project("{FAE04EC0-301F-11D3-BF4B-00C04F79EFBC}") = "PiCTS.WebAPI", "PiCTS.WebAPI\PiCTS.WebAPI.csproj", "{BC241396-41FF-4D6C-9653-98A9C70F2BA8}"
EndProject
Global
	GlobalSection(SolutionConfigurationPlatforms) = preSolution
		Debug|Any CPU = Debug|Any CPU
		Release|Any CPU = Release|Any CPU
	EndGlobalSection
	GlobalSection(ProjectConfigurationPlatforms) = postSolution
		{FCDEA79C-7DCF-462F-B00B-4224CBC59A81}.Debug|Any CPU.ActiveCfg = Debug|Any CPU
		{FCDEA79C-7DCF-462F-B00B-4224CBC59A81}.Debug|Any CPU.Build.0 = Debug|Any CPU
		{FCDEA79C-7DCF-462F-B00B-4224CBC59A81}.Release|Any CPU.ActiveCfg = Release|Any CPU
		{FCDEA79C-7DCF-462F-B00B-4224CBC59A81}.Release|Any CPU.Build.0 = Release|Any CPU
		{CF3396B2-CE16-4D4F-AF28-1F305C0F6A03}.Debug|Any CPU.ActiveCfg = Debug|Any CPU
		{CF3396B2-CE16-4D4F-AF28-1F305C0F6A03}.Debug|Any CPU.Build.0 = Debug|Any CPU
		{CF3396B2-CE16-4D4F-AF28-1F305C0F6A03}.Release|Any CPU.ActiveCfg = Release|Any CPU
		{CF3396B2-CE16-4D4F-AF28-1F305C0F6A03}.Release|Any CPU.Build.0 = Release|Any CPU
		{57FAC7B9-D26A-434C-AA62-11EBFE9A7CB8}.Debug|Any CPU.ActiveCfg = Debug|Any CPU
		{57FAC7B9-D26A-434C-AA62-11EBFE9A7CB8}.Debug|Any CPU.Build.0 = Debug|Any CPU
		{57FAC7B9-D26A-434C-AA62-11EBFE9A7CB8}.Release|Any CPU.ActiveCfg = Release|Any CPU
		{57FAC7B9-D26A-434C-AA62-11EBFE9A7CB8}.Release|Any CPU.Build.0 = Release|Any CPU
		{7904B9DE-FE5B-4FCE-9C68-584BAA8B805E}.Debug|Any CPU.ActiveCfg = Debug|Any CPU
		{7904B9DE-FE5B-4FCE-9C68-584BAA8B805E}.Debug|Any CPU.Build.0 = Debug|Any CPU
		{7904B9DE-FE5B-4FCE-9C68-584BAA8B805E}.Release|Any CPU.ActiveCfg = Release|Any CPU
		{7904B9DE-FE5B-4FCE-9C68-584BAA8B805E}.Release|Any CPU.Build.0 = Release|Any CPU
		{BC241396-41FF-4D6C-9653-98A9C70F2BA8}.Debug|Any CPU.ActiveCfg = Debug|Any CPU
		{BC241396-41FF-4D6C-9653-98A9C70F2BA8}.Debug|Any CPU.Build.0 = Debug|Any CPU
		{BC241396-41FF-4D6C-9653-98A9C70F2BA8}.Release|Any CPU.ActiveCfg = Release|Any CPU
		{BC241396-41FF-4D6C-9653-98A9C70F2BA8}.Release|Any CPU.Build.0 = Release|Any CPU
	EndGlobalSection
	GlobalSection(SolutionProperties) = preSolution
		HideSolutionNode = FALSE
	EndGlobalSection
	GlobalSection(ExtensibilityGlobals) = postSolution
		SolutionGuid = {46A24C03-8365-4EAA-BEE4-1133245CC05E}
	EndGlobalSection
EndGlobal
